
Microsoft Visual Studio Solution File, Format Version 12.00
# Visual Studio Version 17
VisualStudioVersion = 17.6.33829.357
MinimumVisualStudioVersion = 10.0.40219.1
Project("{2150E333-8FDC-42A3-9474-1A3956D46DE8}") = "Identity", "Identity", "{3CD47174-B9F5-484C-8B3C-E7438FCF0D1D}"
EndProject
Project("{2150E333-8FDC-42A3-9474-1A3956D46DE8}") = "Transaction", "Transaction", "{4D447D00-48D8-4936-ADE8-3BA7A19524BA}"
EndProject
Project("{FAE04EC0-301F-11D3-BF4B-00C04F79EFBC}") = "Transaction.API", "Transaction.API\Transaction.API.csproj", "{0BB35ADE-B70D-4C9B-A27D-17E4E9406E38}"
EndProject
Global
	GlobalSection(SolutionConfigurationPlatforms) = preSolution
		Debug|Any CPU = Debug|Any CPU
		Release|Any CPU = Release|Any CPU
	EndGlobalSection
	GlobalSection(ProjectConfigurationPlatforms) = postSolution
		{0BB35ADE-B70D-4C9B-A27D-17E4E9406E38}.Debug|Any CPU.ActiveCfg = Debug|Any CPU
		{0BB35ADE-B70D-4C9B-A27D-17E4E9406E38}.Debug|Any CPU.Build.0 = Debug|Any CPU
		{0BB35ADE-B70D-4C9B-A27D-17E4E9406E38}.Release|Any CPU.ActiveCfg = Release|Any CPU
		{0BB35ADE-B70D-4C9B-A27D-17E4E9406E38}.Release|Any CPU.Build.0 = Release|Any CPU
	EndGlobalSection
	GlobalSection(SolutionProperties) = preSolution
		HideSolutionNode = FALSE
	EndGlobalSection
	GlobalSection(NestedProjects) = preSolution
		{0BB35ADE-B70D-4C9B-A27D-17E4E9406E38} = {4D447D00-48D8-4936-ADE8-3BA7A19524BA}
	EndGlobalSection
	GlobalSection(ExtensibilityGlobals) = postSolution
		SolutionGuid = {3A1B1D33-37A1-4907-A2A0-EF54553B63FA}
	EndGlobalSection
EndGlobal
